{
  "name": "text-to-qr",
  "version": "1.0.0",
  "lockfileVersion": 1,
  "requires": true,
  "dependencies": {
    "eslint": {
      "version": "4.14.0",
      "resolved": "https://registry.npmjs.org/eslint/-/eslint-4.14.0.tgz",
      "integrity": "sha512-Ul6CSGRjKscEyg0X/EeNs7o2XdnbTEOD1OM8cTjmx85RPcBJQrEhZLevhuJZNAE/vS2iVl5Uhgiqf3h5uLMCJQ==",
      "dev": true
    },
    "jimp": {
      "version": "0.2.28",
      "resolved": "https://registry.npmjs.org/jimp/-/jimp-0.2.28.tgz",
      "integrity": "sha1-3VKak3GQ9ClXp5N9Gsw6d2KZbqI="
    },
    "jshint": {
      "version": "2.9.5",
      "resolved": "https://registry.npmjs.org/jshint/-/jshint-2.9.5.tgz",
      "integrity": "sha1-HnJSkVzmgbQIJ+4UJIxG006apiw=",
      "dev": true,
      "dependencies": {
        "lodash": {
          "version": "3.7.0",
          "resolved": "https://registry.npmjs.org/lodash/-/lodash-3.7.0.tgz",
          "integrity": "sha1-Nni9irmVBXwHreg27S7wh9qBHUU="
        },
        "strip-json-comments": {
          "version": "1.0.4",
          "resolved": "https://registry.npmjs.org/strip-json-comments/-/strip-json-comments-1.0.4.tgz",
          "integrity": "sha1-HhX7ysl9Pumb8tc7TGVrCCu6+5E="
        }
      }
    },
    "qr-image": {
      "version": "3.2.0",
      "resolved": "https://registry.npmjs.org/qr-image/-/qr-image-3.2.0.tgz",
      "integrity": "sha1-n6gpW+rlDEoUnPn5CaHbRkqGcug="
    }
  }
}
